
Microsoft Visual Studio Solution File, Format Version 12.00
# Visual Studio 15
VisualStudioVersion = 15.0.28307.106
MinimumVisualStudioVersion = 10.0.40219.1
Project("{FAE04EC0-301F-11D3-BF4B-00C04F79EFBC}") = "DemoSentimentContainer.Android", "DemoSentimentContainer\DemoSentimentContainer.Android\DemoSentimentContainer.Android.csproj", "{4C151397-611E-4ADE-BEAF-E1B18D0D1DC7}"
EndProject
Project("{FAE04EC0-301F-11D3-BF4B-00C04F79EFBC}") = "DemoSentimentContainer.iOS", "DemoSentimentContainer\DemoSentimentContainer.iOS\DemoSentimentContainer.iOS.csproj", "{D34FB35C-67C7-4AF5-BD60-07320BF3A36E}"
EndProject
Project("{FAE04EC0-301F-11D3-BF4B-00C04F79EFBC}") = "DemoSentimentContainer.UWP", "DemoSentimentContainer\DemoSentimentContainer.UWP\DemoSentimentContainer.UWP.csproj", "{2FF7DA2E-277E-4FA9-AE39-617AC0B8E86D}"
EndProject
Project("{FAE04EC0-301F-11D3-BF4B-00C04F79EFBC}") = "DemoSentimentContainer", "DemoSentimentContainer\DemoSentimentContainer\DemoSentimentContainer.csproj", "{11E3BD6B-C54F-4B3B-886E-7CF4D6988D0F}"
EndProject
Global
	GlobalSection(SolutionConfigurationPlatforms) = preSolution
		Ad-Hoc|Any CPU = Ad-Hoc|Any CPU
		Ad-Hoc|ARM = Ad-Hoc|ARM
		Ad-Hoc|iPhone = Ad-Hoc|iPhone
		Ad-Hoc|iPhoneSimulator = Ad-Hoc|iPhoneSimulator
		Ad-Hoc|x64 = Ad-Hoc|x64
		Ad-Hoc|x86 = Ad-Hoc|x86
		AppStore|Any CPU = AppStore|Any CPU
		AppStore|ARM = AppStore|ARM
		AppStore|iPhone = AppStore|iPhone
		AppStore|iPhoneSimulator = AppStore|iPhoneSimulator
		AppStore|x64 = AppStore|x64
		AppStore|x86 = AppStore|x86
		Debug|Any CPU = Debug|Any CPU
		Debug|ARM = Debug|ARM
		Debug|iPhone = Debug|iPhone
		Debug|iPhoneSimulator = Debug|iPhoneSimulator
		Debug|x64 = Debug|x64
		Debug|x86 = Debug|x86
		Release|Any CPU = Release|Any CPU
		Release|ARM = Release|ARM
		Release|iPhone = Release|iPhone
		Release|iPhoneSimulator = Release|iPhoneSimulator
		Release|x64 = Release|x64
		Release|x86 = Release|x86
	EndGlobalSection
	GlobalSection(ProjectConfigurationPlatforms) = postSolution
		{4C151397-611E-4ADE-BEAF-E1B18D0D1DC7}.Ad-Hoc|Any CPU.ActiveCfg = Release|Any CPU
		{4C151397-611E-4ADE-BEAF-E1B18D0D1DC7}.Ad-Hoc|Any CPU.Build.0 = Release|Any CPU
		{4C151397-611E-4ADE-BEAF-E1B18D0D1DC7}.Ad-Hoc|Any CPU.Deploy.0 = Release|Any CPU
		{4C151397-611E-4ADE-BEAF-E1B18D0D1DC7}.Ad-Hoc|ARM.ActiveCfg = Release|Any CPU
		{4C151397-611E-4ADE-BEAF-E1B18D0D1DC7}.Ad-Hoc|ARM.Build.0 = Release|Any CPU
		{4C151397-611E-4ADE-BEAF-E1B18D0D1DC7}.Ad-Hoc|ARM.Deploy.0 = Release|Any CPU
		{4C151397-611E-4ADE-BEAF-E1B18D0D1DC7}.Ad-Hoc|iPhone.ActiveCfg = Release|Any CPU
		{4C151397-611E-4ADE-BEAF-E1B18D0D1DC7}.Ad-Hoc|iPhone.Build.0 = Release|Any CPU
		{4C151397-611E-4ADE-BEAF-E1B18D0D1DC7}.Ad-Hoc|iPhone.Deploy.0 = Release|Any CPU
		{4C151397-611E-4ADE-BEAF-E1B18D0D1DC7}.Ad-Hoc|iPhoneSimulator.ActiveCfg = Release|Any CPU
		{4C151397-611E-4ADE-BEAF-E1B18D0D1DC7}.Ad-Hoc|iPhoneSimulator.Build.0 = Release|Any CPU
		{4C151397-611E-4ADE-BEAF-E1B18D0D1DC7}.Ad-Hoc|iPhoneSimulator.Deploy.0 = Release|Any CPU
		{4C151397-611E-4ADE-BEAF-E1B18D0D1DC7}.Ad-Hoc|x64.ActiveCfg = Release|Any CPU
		{4C151397-611E-4ADE-BEAF-E1B18D0D1DC7}.Ad-Hoc|x64.Build.0 = Release|Any CPU
		{4C151397-611E-4ADE-BEAF-E1B18D0D1DC7}.Ad-Hoc|x64.Deploy.0 = Release|Any CPU
		{4C151397-611E-4ADE-BEAF-E1B18D0D1DC7}.Ad-Hoc|x86.ActiveCfg = Release|Any CPU
		{4C151397-611E-4ADE-BEAF-E1B18D0D1DC7}.Ad-Hoc|x86.Build.0 = Release|Any CPU
		{4C151397-611E-4ADE-BEAF-E1B18D0D1DC7}.Ad-Hoc|x86.Deploy.0 = Release|Any CPU
		{4C151397-611E-4ADE-BEAF-E1B18D0D1DC7}.AppStore|Any CPU.ActiveCfg = Release|Any CPU
		{4C151397-611E-4ADE-BEAF-E1B18D0D1DC7}.AppStore|Any CPU.Build.0 = Release|Any CPU
		{4C151397-611E-4ADE-BEAF-E1B18D0D1DC7}.AppStore|Any CPU.Deploy.0 = Release|Any CPU
		{4C151397-611E-4ADE-BEAF-E1B18D0D1DC7}.AppStore|ARM.ActiveCfg = Release|Any CPU
		{4C151397-611E-4ADE-BEAF-E1B18D0D1DC7}.AppStore|ARM.Build.0 = Release|Any CPU
		{4C151397-611E-4ADE-BEAF-E1B18D0D1DC7}.AppStore|ARM.Deploy.0 = Release|Any CPU
		{4C151397-611E-4ADE-BEAF-E1B18D0D1DC7}.AppStore|iPhone.ActiveCfg = Release|Any CPU
		{4C151397-611E-4ADE-BEAF-E1B18D0D1DC7}.AppStore|iPhone.Build.0 = Release|Any CPU
		{4C151397-611E-4ADE-BEAF-E1B18D0D1DC7}.AppStore|iPhone.Deploy.0 = Release|Any CPU
		{4C151397-611E-4ADE-BEAF-E1B18D0D1DC7}.AppStore|iPhoneSimulator.ActiveCfg = Release|Any CPU
		{4C151397-611E-4ADE-BEAF-E1B18D0D1DC7}.AppStore|iPhoneSimulator.Build.0 = Release|Any CPU
		{4C151397-611E-4ADE-BEAF-E1B18D0D1DC7}.AppStore|iPhoneSimulator.Deploy.0 = Release|Any CPU
		{4C151397-611E-4ADE-BEAF-E1B18D0D1DC7}.AppStore|x64.ActiveCfg = Release|Any CPU
		{4C151397-611E-4ADE-BEAF-E1B18D0D1DC7}.AppStore|x64.Build.0 = Release|Any CPU
		{4C151397-611E-4ADE-BEAF-E1B18D0D1DC7}.AppStore|x64.Deploy.0 = Release|Any CPU
		{4C151397-611E-4ADE-BEAF-E1B18D0D1DC7}.AppStore|x86.ActiveCfg = Release|Any CPU
		{4C151397-611E-4ADE-BEAF-E1B18D0D1DC7}.AppStore|x86.Build.0 = Release|Any CPU
		{4C151397-611E-4ADE-BEAF-E1B18D0D1DC7}.AppStore|x86.Deploy.0 = Release|Any CPU
		{4C151397-611E-4ADE-BEAF-E1B18D0D1DC7}.Debug|Any CPU.ActiveCfg = Debug|Any CPU
		{4C151397-611E-4ADE-BEAF-E1B18D0D1DC7}.Debug|Any CPU.Build.0 = Debug|Any CPU
		{4C151397-611E-4ADE-BEAF-E1B18D0D1DC7}.Debug|Any CPU.Deploy.0 = Debug|Any CPU
		{4C151397-611E-4ADE-BEAF-E1B18D0D1DC7}.Debug|ARM.ActiveCfg = Debug|Any CPU
		{4C151397-611E-4ADE-BEAF-E1B18D0D1DC7}.Debug|ARM.Build.0 = Debug|Any CPU
		{4C151397-611E-4ADE-BEAF-E1B18D0D1DC7}.Debug|ARM.Deploy.0 = Debug|Any CPU
		{4C151397-611E-4ADE-BEAF-E1B18D0D1DC7}.Debug|iPhone.ActiveCfg = Debug|Any CPU
		{4C151397-611E-4ADE-BEAF-E1B18D0D1DC7}.Debug|iPhone.Build.0 = Debug|Any CPU
		{4C151397-611E-4ADE-BEAF-E1B18D0D1DC7}.Debug|iPhone.Deploy.0 = Debug|Any CPU
		{4C151397-611E-4ADE-BEAF-E1B18D0D1DC7}.Debug|iPhoneSimulator.ActiveCfg = Debug|Any CPU
		{4C151397-611E-4ADE-BEAF-E1B18D0D1DC7}.Debug|iPhoneSimulator.Build.0 = Debug|Any CPU
		{4C151397-611E-4ADE-BEAF-E1B18D0D1DC7}.Debug|iPhoneSimulator.Deploy.0 = Debug|Any CPU
		{4C151397-611E-4ADE-BEAF-E1B18D0D1DC7}.Debug|x64.ActiveCfg = Debug|Any CPU
		{4C151397-611E-4ADE-BEAF-E1B18D0D1DC7}.Debug|x64.Build.0 = Debug|Any CPU
		{4C151397-611E-4ADE-BEAF-E1B18D0D1DC7}.Debug|x64.Deploy.0 = Debug|Any CPU
		{4C151397-611E-4ADE-BEAF-E1B18D0D1DC7}.Debug|x86.ActiveCfg = Debug|Any CPU
		{4C151397-611E-4ADE-BEAF-E1B18D0D1DC7}.Debug|x86.Build.0 = Debug|Any CPU
		{4C151397-611E-4ADE-BEAF-E1B18D0D1DC7}.Debug|x86.Deploy.0 = Debug|Any CPU
		{4C151397-611E-4ADE-BEAF-E1B18D0D1DC7}.Release|Any CPU.ActiveCfg = Release|Any CPU
		{4C151397-611E-4ADE-BEAF-E1B18D0D1DC7}.Release|Any CPU.Build.0 = Release|Any CPU
		{4C151397-611E-4ADE-BEAF-E1B18D0D1DC7}.Release|Any CPU.Deploy.0 = Release|Any CPU
		{4C151397-611E-4ADE-BEAF-E1B18D0D1DC7}.Release|ARM.ActiveCfg = Release|Any CPU
		{4C151397-611E-4ADE-BEAF-E1B18D0D1DC7}.Release|ARM.Build.0 = Release|Any CPU
		{4C151397-611E-4ADE-BEAF-E1B18D0D1DC7}.Release|ARM.Deploy.0 = Release|Any CPU
		{4C151397-611E-4ADE-BEAF-E1B18D0D1DC7}.Release|iPhone.ActiveCfg = Release|Any CPU
		{4C151397-611E-4ADE-BEAF-E1B18D0D1DC7}.Release|iPhone.Build.0 = Release|Any CPU
		{4C151397-611E-4ADE-BEAF-E1B18D0D1DC7}.Release|iPhone.Deploy.0 = Release|Any CPU
		{4C151397-611E-4ADE-BEAF-E1B18D0D1DC7}.Release|iPhoneSimulator.ActiveCfg = Release|Any CPU
		{4C151397-611E-4ADE-BEAF-E1B18D0D1DC7}.Release|iPhoneSimulator.Build.0 = Release|Any CPU
		{4C151397-611E-4ADE-BEAF-E1B18D0D1DC7}.Release|iPhoneSimulator.Deploy.0 = Release|Any CPU
		{4C151397-611E-4ADE-BEAF-E1B18D0D1DC7}.Release|x64.ActiveCfg = Release|Any CPU
		{4C151397-611E-4ADE-BEAF-E1B18D0D1DC7}.Release|x64.Build.0 = Release|Any CPU
		{4C151397-611E-4ADE-BEAF-E1B18D0D1DC7}.Release|x64.Deploy.0 = Release|Any CPU
		{4C151397-611E-4ADE-BEAF-E1B18D0D1DC7}.Release|x86.ActiveCfg = Release|Any CPU
		{4C151397-611E-4ADE-BEAF-E1B18D0D1DC7}.Release|x86.Build.0 = Release|Any CPU
		{4C151397-611E-4ADE-BEAF-E1B18D0D1DC7}.Release|x86.Deploy.0 = Release|Any CPU
		{D34FB35C-67C7-4AF5-BD60-07320BF3A36E}.Ad-Hoc|Any CPU.ActiveCfg = Ad-Hoc|iPhone
		{D34FB35C-67C7-4AF5-BD60-07320BF3A36E}.Ad-Hoc|Any CPU.Build.0 = Ad-Hoc|iPhone
		{D34FB35C-67C7-4AF5-BD60-07320BF3A36E}.Ad-Hoc|Any CPU.Deploy.0 = Ad-Hoc|iPhone
		{D34FB35C-67C7-4AF5-BD60-07320BF3A36E}.Ad-Hoc|ARM.ActiveCfg = Ad-Hoc|iPhone
		{D34FB35C-67C7-4AF5-BD60-07320BF3A36E}.Ad-Hoc|ARM.Build.0 = Ad-Hoc|iPhone
		{D34FB35C-67C7-4AF5-BD60-07320BF3A36E}.Ad-Hoc|ARM.Deploy.0 = Ad-Hoc|iPhone
		{D34FB35C-67C7-4AF5-BD60-07320BF3A36E}.Ad-Hoc|iPhone.ActiveCfg = Ad-Hoc|iPhone
		{D34FB35C-67C7-4AF5-BD60-07320BF3A36E}.Ad-Hoc|iPhone.Build.0 = Ad-Hoc|iPhone
		{D34FB35C-67C7-4AF5-BD60-07320BF3A36E}.Ad-Hoc|iPhone.Deploy.0 = Ad-Hoc|iPhone
		{D34FB35C-67C7-4AF5-BD60-07320BF3A36E}.Ad-Hoc|iPhoneSimulator.ActiveCfg = Ad-Hoc|iPhoneSimulator
		{D34FB35C-67C7-4AF5-BD60-07320BF3A36E}.Ad-Hoc|iPhoneSimulator.Build.0 = Ad-Hoc|iPhoneSimulator
		{D34FB35C-67C7-4AF5-BD60-07320BF3A36E}.Ad-Hoc|iPhoneSimulator.Deploy.0 = Ad-Hoc|iPhoneSimulator
		{D34FB35C-67C7-4AF5-BD60-07320BF3A36E}.Ad-Hoc|x64.ActiveCfg = Ad-Hoc|iPhone
		{D34FB35C-67C7-4AF5-BD60-07320BF3A36E}.Ad-Hoc|x64.Build.0 = Ad-Hoc|iPhone
		{D34FB35C-67C7-4AF5-BD60-07320BF3A36E}.Ad-Hoc|x64.Deploy.0 = Ad-Hoc|iPhone
		{D34FB35C-67C7-4AF5-BD60-07320BF3A36E}.Ad-Hoc|x86.ActiveCfg = Ad-Hoc|iPhone
		{D34FB35C-67C7-4AF5-BD60-07320BF3A36E}.Ad-Hoc|x86.Build.0 = Ad-Hoc|iPhone
		{D34FB35C-67C7-4AF5-BD60-07320BF3A36E}.Ad-Hoc|x86.Deploy.0 = Ad-Hoc|iPhone
		{D34FB35C-67C7-4AF5-BD60-07320BF3A36E}.AppStore|Any CPU.ActiveCfg = AppStore|iPhone
		{D34FB35C-67C7-4AF5-BD60-07320BF3A36E}.AppStore|Any CPU.Build.0 = AppStore|iPhone
		{D34FB35C-67C7-4AF5-BD60-07320BF3A36E}.AppStore|Any CPU.Deploy.0 = AppStore|iPhone
		{D34FB35C-67C7-4AF5-BD60-07320BF3A36E}.AppStore|ARM.ActiveCfg = AppStore|iPhone
		{D34FB35C-67C7-4AF5-BD60-07320BF3A36E}.AppStore|ARM.Build.0 = AppStore|iPhone
		{D34FB35C-67C7-4AF5-BD60-07320BF3A36E}.AppStore|ARM.Deploy.0 = AppStore|iPhone
		{D34FB35C-67C7-4AF5-BD60-07320BF3A36E}.AppStore|iPhone.ActiveCfg = AppStore|iPhone
		{D34FB35C-67C7-4AF5-BD60-07320BF3A36E}.AppStore|iPhone.Build.0 = AppStore|iPhone
		{D34FB35C-67C7-4AF5-BD60-07320BF3A36E}.AppStore|iPhone.Deploy.0 = AppStore|iPhone
		{D34FB35C-67C7-4AF5-BD60-07320BF3A36E}.AppStore|iPhoneSimulator.ActiveCfg = AppStore|iPhoneSimulator
		{D34FB35C-67C7-4AF5-BD60-07320BF3A36E}.AppStore|iPhoneSimulator.Build.0 = AppStore|iPhoneSimulator
		{D34FB35C-67C7-4AF5-BD60-07320BF3A36E}.AppStore|iPhoneSimulator.Deploy.0 = AppStore|iPhoneSimulator
		{D34FB35C-67C7-4AF5-BD60-07320BF3A36E}.AppStore|x64.ActiveCfg = AppStore|iPhone
		{D34FB35C-67C7-4AF5-BD60-07320BF3A36E}.AppStore|x64.Build.0 = AppStore|iPhone
		{D34FB35C-67C7-4AF5-BD60-07320BF3A36E}.AppStore|x64.Deploy.0 = AppStore|iPhone
		{D34FB35C-67C7-4AF5-BD60-07320BF3A36E}.AppStore|x86.ActiveCfg = AppStore|iPhone
		{D34FB35C-67C7-4AF5-BD60-07320BF3A36E}.AppStore|x86.Build.0 = AppStore|iPhone
		{D34FB35C-67C7-4AF5-BD60-07320BF3A36E}.AppStore|x86.Deploy.0 = AppStore|iPhone
		{D34FB35C-67C7-4AF5-BD60-07320BF3A36E}.Debug|Any CPU.ActiveCfg = Debug|iPhoneSimulator
		{D34FB35C-67C7-4AF5-BD60-07320BF3A36E}.Debug|Any CPU.Build.0 = Debug|iPhoneSimulator
		{D34FB35C-67C7-4AF5-BD60-07320BF3A36E}.Debug|Any CPU.Deploy.0 = Debug|iPhoneSimulator
		{D34FB35C-67C7-4AF5-BD60-07320BF3A36E}.Debug|ARM.ActiveCfg = Debug|iPhone
		{D34FB35C-67C7-4AF5-BD60-07320BF3A36E}.Debug|ARM.Build.0 = Debug|iPhone
		{D34FB35C-67C7-4AF5-BD60-07320BF3A36E}.Debug|ARM.Deploy.0 = Debug|iPhone
		{D34FB35C-67C7-4AF5-BD60-07320BF3A36E}.Debug|iPhone.ActiveCfg = Debug|iPhone
		{D34FB35C-67C7-4AF5-BD60-07320BF3A36E}.Debug|iPhone.Build.0 = Debug|iPhone
		{D34FB35C-67C7-4AF5-BD60-07320BF3A36E}.Debug|iPhone.Deploy.0 = Debug|iPhone
		{D34FB35C-67C7-4AF5-BD60-07320BF3A36E}.Debug|iPhoneSimulator.ActiveCfg = Debug|iPhoneSimulator
		{D34FB35C-67C7-4AF5-BD60-07320BF3A36E}.Debug|iPhoneSimulator.Build.0 = Debug|iPhoneSimulator
		{D34FB35C-67C7-4AF5-BD60-07320BF3A36E}.Debug|iPhoneSimulator.Deploy.0 = Debug|iPhoneSimulator
		{D34FB35C-67C7-4AF5-BD60-07320BF3A36E}.Debug|x64.ActiveCfg = Debug|iPhone
		{D34FB35C-67C7-4AF5-BD60-07320BF3A36E}.Debug|x64.Build.0 = Debug|iPhone
		{D34FB35C-67C7-4AF5-BD60-07320BF3A36E}.Debug|x64.Deploy.0 = Debug|iPhone
		{D34FB35C-67C7-4AF5-BD60-07320BF3A36E}.Debug|x86.ActiveCfg = Debug|iPhone
		{D34FB35C-67C7-4AF5-BD60-07320BF3A36E}.Debug|x86.Build.0 = Debug|iPhone
		{D34FB35C-67C7-4AF5-BD60-07320BF3A36E}.Debug|x86.Deploy.0 = Debug|iPhone
		{D34FB35C-67C7-4AF5-BD60-07320BF3A36E}.Release|Any CPU.ActiveCfg = Release|iPhone
		{D34FB35C-67C7-4AF5-BD60-07320BF3A36E}.Release|Any CPU.Build.0 = Release|iPhone
		{D34FB35C-67C7-4AF5-BD60-07320BF3A36E}.Release|Any CPU.Deploy.0 = Release|iPhone
		{D34FB35C-67C7-4AF5-BD60-07320BF3A36E}.Release|ARM.ActiveCfg = Release|iPhone
		{D34FB35C-67C7-4AF5-BD60-07320BF3A36E}.Release|ARM.Build.0 = Release|iPhone
		{D34FB35C-67C7-4AF5-BD60-07320BF3A36E}.Release|ARM.Deploy.0 = Release|iPhone
		{D34FB35C-67C7-4AF5-BD60-07320BF3A36E}.Release|iPhone.ActiveCfg = Release|iPhone
		{D34FB35C-67C7-4AF5-BD60-07320BF3A36E}.Release|iPhone.Build.0 = Release|iPhone
		{D34FB35C-67C7-4AF5-BD60-07320BF3A36E}.Release|iPhone.Deploy.0 = Release|iPhone
		{D34FB35C-67C7-4AF5-BD60-07320BF3A36E}.Release|iPhoneSimulator.ActiveCfg = Release|iPhoneSimulator
		{D34FB35C-67C7-4AF5-BD60-07320BF3A36E}.Release|iPhoneSimulator.Build.0 = Release|iPhoneSimulator
		{D34FB35C-67C7-4AF5-BD60-07320BF3A36E}.Release|iPhoneSimulator.Deploy.0 = Release|iPhoneSimulator
		{D34FB35C-67C7-4AF5-BD60-07320BF3A36E}.Release|x64.ActiveCfg = Release|iPhone
		{D34FB35C-67C7-4AF5-BD60-07320BF3A36E}.Release|x64.Build.0 = Release|iPhone
		{D34FB35C-67C7-4AF5-BD60-07320BF3A36E}.Release|x64.Deploy.0 = Release|iPhone
		{D34FB35C-67C7-4AF5-BD60-07320BF3A36E}.Release|x86.ActiveCfg = Release|iPhone
		{D34FB35C-67C7-4AF5-BD60-07320BF3A36E}.Release|x86.Build.0 = Release|iPhone
		{D34FB35C-67C7-4AF5-BD60-07320BF3A36E}.Release|x86.Deploy.0 = Release|iPhone
		{2FF7DA2E-277E-4FA9-AE39-617AC0B8E86D}.Ad-Hoc|Any CPU.ActiveCfg = Release|x86
		{2FF7DA2E-277E-4FA9-AE39-617AC0B8E86D}.Ad-Hoc|Any CPU.Build.0 = Release|x86
		{2FF7DA2E-277E-4FA9-AE39-617AC0B8E86D}.Ad-Hoc|Any CPU.Deploy.0 = Release|x86
		{2FF7DA2E-277E-4FA9-AE39-617AC0B8E86D}.Ad-Hoc|ARM.ActiveCfg = Release|ARM
		{2FF7DA2E-277E-4FA9-AE39-617AC0B8E86D}.Ad-Hoc|ARM.Build.0 = Release|ARM
		{2FF7DA2E-277E-4FA9-AE39-617AC0B8E86D}.Ad-Hoc|ARM.Deploy.0 = Release|ARM
		{2FF7DA2E-277E-4FA9-AE39-617AC0B8E86D}.Ad-Hoc|iPhone.ActiveCfg = Release|x86
		{2FF7DA2E-277E-4FA9-AE39-617AC0B8E86D}.Ad-Hoc|iPhone.Build.0 = Release|x86
		{2FF7DA2E-277E-4FA9-AE39-617AC0B8E86D}.Ad-Hoc|iPhone.Deploy.0 = Release|x86
		{2FF7DA2E-277E-4FA9-AE39-617AC0B8E86D}.Ad-Hoc|iPhoneSimulator.ActiveCfg = Release|x86
		{2FF7DA2E-277E-4FA9-AE39-617AC0B8E86D}.Ad-Hoc|iPhoneSimulator.Build.0 = Release|x86
		{2FF7DA2E-277E-4FA9-AE39-617AC0B8E86D}.Ad-Hoc|iPhoneSimulator.Deploy.0 = Release|x86
		{2FF7DA2E-277E-4FA9-AE39-617AC0B8E86D}.Ad-Hoc|x64.ActiveCfg = Release|x64
		{2FF7DA2E-277E-4FA9-AE39-617AC0B8E86D}.Ad-Hoc|x64.Build.0 = Release|x64
		{2FF7DA2E-277E-4FA9-AE39-617AC0B8E86D}.Ad-Hoc|x64.Deploy.0 = Release|x64
		{2FF7DA2E-277E-4FA9-AE39-617AC0B8E86D}.Ad-Hoc|x86.ActiveCfg = Release|x86
		{2FF7DA2E-277E-4FA9-AE39-617AC0B8E86D}.Ad-Hoc|x86.Build.0 = Release|x86
		{2FF7DA2E-277E-4FA9-AE39-617AC0B8E86D}.Ad-Hoc|x86.Deploy.0 = Release|x86
		{2FF7DA2E-277E-4FA9-AE39-617AC0B8E86D}.AppStore|Any CPU.ActiveCfg = Release|x86
		{2FF7DA2E-277E-4FA9-AE39-617AC0B8E86D}.AppStore|Any CPU.Build.0 = Release|x86
		{2FF7DA2E-277E-4FA9-AE39-617AC0B8E86D}.AppStore|Any CPU.Deploy.0 = Release|x86
		{2FF7DA2E-277E-4FA9-AE39-617AC0B8E86D}.AppStore|ARM.ActiveCfg = Release|ARM
		{2FF7DA2E-277E-4FA9-AE39-617AC0B8E86D}.AppStore|ARM.Build.0 = Release|ARM
		{2FF7DA2E-277E-4FA9-AE39-617AC0B8E86D}.AppStore|ARM.Deploy.0 = Release|ARM
		{2FF7DA2E-277E-4FA9-AE39-617AC0B8E86D}.AppStore|iPhone.ActiveCfg = Release|x86
		{2FF7DA2E-277E-4FA9-AE39-617AC0B8E86D}.AppStore|iPhone.Build.0 = Release|x86
		{2FF7DA2E-277E-4FA9-AE39-617AC0B8E86D}.AppStore|iPhone.Deploy.0 = Release|x86
		{2FF7DA2E-277E-4FA9-AE39-617AC0B8E86D}.AppStore|iPhoneSimulator.ActiveCfg = Release|x86
		{2FF7DA2E-277E-4FA9-AE39-617AC0B8E86D}.AppStore|iPhoneSimulator.Build.0 = Release|x86
		{2FF7DA2E-277E-4FA9-AE39-617AC0B8E86D}.AppStore|iPhoneSimulator.Deploy.0 = Release|x86
		{2FF7DA2E-277E-4FA9-AE39-617AC0B8E86D}.AppStore|x64.ActiveCfg = Release|x64
		{2FF7DA2E-277E-4FA9-AE39-617AC0B8E86D}.AppStore|x64.Build.0 = Release|x64
		{2FF7DA2E-277E-4FA9-AE39-617AC0B8E86D}.AppStore|x64.Deploy.0 = Release|x64
		{2FF7DA2E-277E-4FA9-AE39-617AC0B8E86D}.AppStore|x86.ActiveCfg = Release|x86
		{2FF7DA2E-277E-4FA9-AE39-617AC0B8E86D}.AppStore|x86.Build.0 = Release|x86
		{2FF7DA2E-277E-4FA9-AE39-617AC0B8E86D}.AppStore|x86.Deploy.0 = Release|x86
		{2FF7DA2E-277E-4FA9-AE39-617AC0B8E86D}.Debug|Any CPU.ActiveCfg = Debug|x86
		{2FF7DA2E-277E-4FA9-AE39-617AC0B8E86D}.Debug|Any CPU.Build.0 = Debug|x86
		{2FF7DA2E-277E-4FA9-AE39-617AC0B8E86D}.Debug|Any CPU.Deploy.0 = Debug|x86
		{2FF7DA2E-277E-4FA9-AE39-617AC0B8E86D}.Debug|ARM.ActiveCfg = Debug|ARM
		{2FF7DA2E-277E-4FA9-AE39-617AC0B8E86D}.Debug|ARM.Build.0 = Debug|ARM
		{2FF7DA2E-277E-4FA9-AE39-617AC0B8E86D}.Debug|ARM.Deploy.0 = Debug|ARM
		{2FF7DA2E-277E-4FA9-AE39-617AC0B8E86D}.Debug|iPhone.ActiveCfg = Debug|x86
		{2FF7DA2E-277E-4FA9-AE39-617AC0B8E86D}.Debug|iPhone.Build.0 = Debug|x86
		{2FF7DA2E-277E-4FA9-AE39-617AC0B8E86D}.Debug|iPhone.Deploy.0 = Debug|x86
		{2FF7DA2E-277E-4FA9-AE39-617AC0B8E86D}.Debug|iPhoneSimulator.ActiveCfg = Debug|x86
		{2FF7DA2E-277E-4FA9-AE39-617AC0B8E86D}.Debug|iPhoneSimulator.Build.0 = Debug|x86
		{2FF7DA2E-277E-4FA9-AE39-617AC0B8E86D}.Debug|iPhoneSimulator.Deploy.0 = Debug|x86
		{2FF7DA2E-277E-4FA9-AE39-617AC0B8E86D}.Debug|x64.ActiveCfg = Debug|x64
		{2FF7DA2E-277E-4FA9-AE39-617AC0B8E86D}.Debug|x64.Build.0 = Debug|x64
		{2FF7DA2E-277E-4FA9-AE39-617AC0B8E86D}.Debug|x64.Deploy.0 = Debug|x64
		{2FF7DA2E-277E-4FA9-AE39-617AC0B8E86D}.Debug|x86.ActiveCfg = Debug|x86
		{2FF7DA2E-277E-4FA9-AE39-617AC0B8E86D}.Debug|x86.Build.0 = Debug|x86
		{2FF7DA2E-277E-4FA9-AE39-617AC0B8E86D}.Debug|x86.Deploy.0 = Debug|x86
		{2FF7DA2E-277E-4FA9-AE39-617AC0B8E86D}.Release|Any CPU.ActiveCfg = Release|x86
		{2FF7DA2E-277E-4FA9-AE39-617AC0B8E86D}.Release|Any CPU.Build.0 = Release|x86
		{2FF7DA2E-277E-4FA9-AE39-617AC0B8E86D}.Release|Any CPU.Deploy.0 = Release|x86
		{2FF7DA2E-277E-4FA9-AE39-617AC0B8E86D}.Release|ARM.ActiveCfg = Release|ARM
		{2FF7DA2E-277E-4FA9-AE39-617AC0B8E86D}.Release|ARM.Build.0 = Release|ARM
		{2FF7DA2E-277E-4FA9-AE39-617AC0B8E86D}.Release|ARM.Deploy.0 = Release|ARM
		{2FF7DA2E-277E-4FA9-AE39-617AC0B8E86D}.Release|iPhone.ActiveCfg = Release|x86
		{2FF7DA2E-277E-4FA9-AE39-617AC0B8E86D}.Release|iPhone.Build.0 = Release|x86
		{2FF7DA2E-277E-4FA9-AE39-617AC0B8E86D}.Release|iPhone.Deploy.0 = Release|x86
		{2FF7DA2E-277E-4FA9-AE39-617AC0B8E86D}.Release|iPhoneSimulator.ActiveCfg = Release|x86
		{2FF7DA2E-277E-4FA9-AE39-617AC0B8E86D}.Release|iPhoneSimulator.Build.0 = Release|x86
		{2FF7DA2E-277E-4FA9-AE39-617AC0B8E86D}.Release|iPhoneSimulator.Deploy.0 = Release|x86
		{2FF7DA2E-277E-4FA9-AE39-617AC0B8E86D}.Release|x64.ActiveCfg = Release|x64
		{2FF7DA2E-277E-4FA9-AE39-617AC0B8E86D}.Release|x64.Build.0 = Release|x64
		{2FF7DA2E-277E-4FA9-AE39-617AC0B8E86D}.Release|x64.Deploy.0 = Release|x64
		{2FF7DA2E-277E-4FA9-AE39-617AC0B8E86D}.Release|x86.ActiveCfg = Release|x86
		{2FF7DA2E-277E-4FA9-AE39-617AC0B8E86D}.Release|x86.Build.0 = Release|x86
		{2FF7DA2E-277E-4FA9-AE39-617AC0B8E86D}.Release|x86.Deploy.0 = Release|x86
		{11E3BD6B-C54F-4B3B-886E-7CF4D6988D0F}.Ad-Hoc|Any CPU.ActiveCfg = Debug|Any CPU
		{11E3BD6B-C54F-4B3B-886E-7CF4D6988D0F}.Ad-Hoc|Any CPU.Build.0 = Debug|Any CPU
		{11E3BD6B-C54F-4B3B-886E-7CF4D6988D0F}.Ad-Hoc|Any CPU.Deploy.0 = Debug|Any CPU
		{11E3BD6B-C54F-4B3B-886E-7CF4D6988D0F}.Ad-Hoc|ARM.ActiveCfg = Debug|Any CPU
		{11E3BD6B-C54F-4B3B-886E-7CF4D6988D0F}.Ad-Hoc|ARM.Build.0 = Debug|Any CPU
		{11E3BD6B-C54F-4B3B-886E-7CF4D6988D0F}.Ad-Hoc|ARM.Deploy.0 = Debug|Any CPU
		{11E3BD6B-C54F-4B3B-886E-7CF4D6988D0F}.Ad-Hoc|iPhone.ActiveCfg = Debug|Any CPU
		{11E3BD6B-C54F-4B3B-886E-7CF4D6988D0F}.Ad-Hoc|iPhone.Build.0 = Debug|Any CPU
		{11E3BD6B-C54F-4B3B-886E-7CF4D6988D0F}.Ad-Hoc|iPhone.Deploy.0 = Debug|Any CPU
		{11E3BD6B-C54F-4B3B-886E-7CF4D6988D0F}.Ad-Hoc|iPhoneSimulator.ActiveCfg = Debug|Any CPU
		{11E3BD6B-C54F-4B3B-886E-7CF4D6988D0F}.Ad-Hoc|iPhoneSimulator.Build.0 = Debug|Any CPU
		{11E3BD6B-C54F-4B3B-886E-7CF4D6988D0F}.Ad-Hoc|iPhoneSimulator.Deploy.0 = Debug|Any CPU
		{11E3BD6B-C54F-4B3B-886E-7CF4D6988D0F}.Ad-Hoc|x64.ActiveCfg = Debug|Any CPU
		{11E3BD6B-C54F-4B3B-886E-7CF4D6988D0F}.Ad-Hoc|x64.Build.0 = Debug|Any CPU
		{11E3BD6B-C54F-4B3B-886E-7CF4D6988D0F}.Ad-Hoc|x64.Deploy.0 = Debug|Any CPU
		{11E3BD6B-C54F-4B3B-886E-7CF4D6988D0F}.Ad-Hoc|x86.ActiveCfg = Debug|Any CPU
		{11E3BD6B-C54F-4B3B-886E-7CF4D6988D0F}.Ad-Hoc|x86.Build.0 = Debug|Any CPU
		{11E3BD6B-C54F-4B3B-886E-7CF4D6988D0F}.Ad-Hoc|x86.Deploy.0 = Debug|Any CPU
		{11E3BD6B-C54F-4B3B-886E-7CF4D6988D0F}.AppStore|Any CPU.ActiveCfg = Debug|Any CPU
		{11E3BD6B-C54F-4B3B-886E-7CF4D6988D0F}.AppStore|Any CPU.Build.0 = Debug|Any CPU
		{11E3BD6B-C54F-4B3B-886E-7CF4D6988D0F}.AppStore|Any CPU.Deploy.0 = Debug|Any CPU
		{11E3BD6B-C54F-4B3B-886E-7CF4D6988D0F}.AppStore|ARM.ActiveCfg = Debug|Any CPU
		{11E3BD6B-C54F-4B3B-886E-7CF4D6988D0F}.AppStore|ARM.Build.0 = Debug|Any CPU
		{11E3BD6B-C54F-4B3B-886E-7CF4D6988D0F}.AppStore|ARM.Deploy.0 = Debug|Any CPU
		{11E3BD6B-C54F-4B3B-886E-7CF4D6988D0F}.AppStore|iPhone.ActiveCfg = Debug|Any CPU
		{11E3BD6B-C54F-4B3B-886E-7CF4D6988D0F}.AppStore|iPhone.Build.0 = Debug|Any CPU
		{11E3BD6B-C54F-4B3B-886E-7CF4D6988D0F}.AppStore|iPhone.Deploy.0 = Debug|Any CPU
		{11E3BD6B-C54F-4B3B-886E-7CF4D6988D0F}.AppStore|iPhoneSimulator.ActiveCfg = Debug|Any CPU
		{11E3BD6B-C54F-4B3B-886E-7CF4D6988D0F}.AppStore|iPhoneSimulator.Build.0 = Debug|Any CPU
		{11E3BD6B-C54F-4B3B-886E-7CF4D6988D0F}.AppStore|iPhoneSimulator.Deploy.0 = Debug|Any CPU
		{11E3BD6B-C54F-4B3B-886E-7CF4D6988D0F}.AppStore|x64.ActiveCfg = Debug|Any CPU
		{11E3BD6B-C54F-4B3B-886E-7CF4D6988D0F}.AppStore|x64.Build.0 = Debug|Any CPU
		{11E3BD6B-C54F-4B3B-886E-7CF4D6988D0F}.AppStore|x64.Deploy.0 = Debug|Any CPU
		{11E3BD6B-C54F-4B3B-886E-7CF4D6988D0F}.AppStore|x86.ActiveCfg = Debug|Any CPU
		{11E3BD6B-C54F-4B3B-886E-7CF4D6988D0F}.AppStore|x86.Build.0 = Debug|Any CPU
		{11E3BD6B-C54F-4B3B-886E-7CF4D6988D0F}.AppStore|x86.Deploy.0 = Debug|Any CPU
		{11E3BD6B-C54F-4B3B-886E-7CF4D6988D0F}.Debug|Any CPU.ActiveCfg = Debug|Any CPU
		{11E3BD6B-C54F-4B3B-886E-7CF4D6988D0F}.Debug|Any CPU.Build.0 = Debug|Any CPU
		{11E3BD6B-C54F-4B3B-886E-7CF4D6988D0F}.Debug|Any CPU.Deploy.0 = Debug|Any CPU
		{11E3BD6B-C54F-4B3B-886E-7CF4D6988D0F}.Debug|ARM.ActiveCfg = Debug|Any CPU
		{11E3BD6B-C54F-4B3B-886E-7CF4D6988D0F}.Debug|ARM.Build.0 = Debug|Any CPU
		{11E3BD6B-C54F-4B3B-886E-7CF4D6988D0F}.Debug|ARM.Deploy.0 = Debug|Any CPU
		{11E3BD6B-C54F-4B3B-886E-7CF4D6988D0F}.Debug|iPhone.ActiveCfg = Debug|Any CPU
		{11E3BD6B-C54F-4B3B-886E-7CF4D6988D0F}.Debug|iPhone.Build.0 = Debug|Any CPU
		{11E3BD6B-C54F-4B3B-886E-7CF4D6988D0F}.Debug|iPhone.Deploy.0 = Debug|Any CPU
		{11E3BD6B-C54F-4B3B-886E-7CF4D6988D0F}.Debug|iPhoneSimulator.ActiveCfg = Debug|Any CPU
		{11E3BD6B-C54F-4B3B-886E-7CF4D6988D0F}.Debug|iPhoneSimulator.Build.0 = Debug|Any CPU
		{11E3BD6B-C54F-4B3B-886E-7CF4D6988D0F}.Debug|iPhoneSimulator.Deploy.0 = Debug|Any CPU
		{11E3BD6B-C54F-4B3B-886E-7CF4D6988D0F}.Debug|x64.ActiveCfg = Debug|Any CPU
		{11E3BD6B-C54F-4B3B-886E-7CF4D6988D0F}.Debug|x64.Build.0 = Debug|Any CPU
		{11E3BD6B-C54F-4B3B-886E-7CF4D6988D0F}.Debug|x64.Deploy.0 = Debug|Any CPU
		{11E3BD6B-C54F-4B3B-886E-7CF4D6988D0F}.Debug|x86.ActiveCfg = Debug|Any CPU
		{11E3BD6B-C54F-4B3B-886E-7CF4D6988D0F}.Debug|x86.Build.0 = Debug|Any CPU
		{11E3BD6B-C54F-4B3B-886E-7CF4D6988D0F}.Debug|x86.Deploy.0 = Debug|Any CPU
		{11E3BD6B-C54F-4B3B-886E-7CF4D6988D0F}.Release|Any CPU.ActiveCfg = Release|Any CPU
		{11E3BD6B-C54F-4B3B-886E-7CF4D6988D0F}.Release|Any CPU.Build.0 = Release|Any CPU
		{11E3BD6B-C54F-4B3B-886E-7CF4D6988D0F}.Release|Any CPU.Deploy.0 = Release|Any CPU
		{11E3BD6B-C54F-4B3B-886E-7CF4D6988D0F}.Release|ARM.ActiveCfg = Release|Any CPU
		{11E3BD6B-C54F-4B3B-886E-7CF4D6988D0F}.Release|ARM.Build.0 = Release|Any CPU
		{11E3BD6B-C54F-4B3B-886E-7CF4D6988D0F}.Release|ARM.Deploy.0 = Release|Any CPU
		{11E3BD6B-C54F-4B3B-886E-7CF4D6988D0F}.Release|iPhone.ActiveCfg = Release|Any CPU
		{11E3BD6B-C54F-4B3B-886E-7CF4D6988D0F}.Release|iPhone.Build.0 = Release|Any CPU
		{11E3BD6B-C54F-4B3B-886E-7CF4D6988D0F}.Release|iPhone.Deploy.0 = Release|Any CPU
		{11E3BD6B-C54F-4B3B-886E-7CF4D6988D0F}.Release|iPhoneSimulator.ActiveCfg = Release|Any CPU
		{11E3BD6B-C54F-4B3B-886E-7CF4D6988D0F}.Release|iPhoneSimulator.Build.0 = Release|Any CPU
		{11E3BD6B-C54F-4B3B-886E-7CF4D6988D0F}.Release|iPhoneSimulator.Deploy.0 = Release|Any CPU
		{11E3BD6B-C54F-4B3B-886E-7CF4D6988D0F}.Release|x64.ActiveCfg = Release|Any CPU
		{11E3BD6B-C54F-4B3B-886E-7CF4D6988D0F}.Release|x64.Build.0 = Release|Any CPU
		{11E3BD6B-C54F-4B3B-886E-7CF4D6988D0F}.Release|x64.Deploy.0 = Release|Any CPU
		{11E3BD6B-C54F-4B3B-886E-7CF4D6988D0F}.Release|x86.ActiveCfg = Release|Any CPU
		{11E3BD6B-C54F-4B3B-886E-7CF4D6988D0F}.Release|x86.Build.0 = Release|Any CPU
		{11E3BD6B-C54F-4B3B-886E-7CF4D6988D0F}.Release|x86.Deploy.0 = Release|Any CPU
	EndGlobalSection
	GlobalSection(SolutionProperties) = preSolution
		HideSolutionNode = FALSE
	EndGlobalSection
	GlobalSection(ExtensibilityGlobals) = postSolution
		SolutionGuid = {AF96F544-C3F2-47F8-A3EB-F1F785BACA11}
	EndGlobalSection
EndGlobal
